hash: 6d94cefa16a96f3c2a7408c2a13982c39a7f04278a5bb10bfc124a51d3274b0c
updated: 2016-06-20T18:12:37.707505+02:00
imports:
- name: github.com/asaskevich/govalidator
  version: df81827fdd59d8b4fb93d8910b286ab7a3919520
- name: github.com/dgrijalva/jwt-go
  version: f0777076321ab64f6efc15a82d9d23b98539b943
- name: github.com/go-errors/errors
  version: a41850380601eeb43f4350f7d17c6bbd8944aaf8
- name: github.com/golang/mock
  version: bd3c8e81be01eef76d4b503f5e687d2d1354d2d9
  subpackages:
  - gomock
- name: github.com/golang/protobuf
  version: 0c1f6d65b5a189c2250d10e71a5506f06f9fa0a0
  subpackages:
  - proto
- name: github.com/moul/http2curl
  version: b1479103caacaa39319f75e7f57fc545287fca0d
- name: github.com/ory-am/common
  version: 930cc805232909c38f2e68310b1e21f71b056d59
  subpackages:
  - pkg
- name: github.com/parnurzeal/gorequest
  version: f17fef20c518e688f4edb3eb2af148462ecab3ef
- name: github.com/pborman/uuid
  version: c55201b036063326c5b1b89ccfe45a184973d073
- name: golang.org/x/crypto
  version: f3241ce8505855877cc8a9717bd61a0f7c4ea83c
  subpackages:
  - bcrypt
  - blowfish
- name: golang.org/x/net
  version: 8bf2b39827dbadfd566c4fae7a8790d12be8b23c
  subpackages:
  - context
  - publicsuffix
- name: golang.org/x/oauth2
  version: 65a8d08c6292395d47053be10b3c5e91960def76
  subpackages:
  - clientcredentials
  - internal
- name: google.golang.org/appengine
  version: 7f59a8c76b8594d06044bfe0bcbe475cb2020482
  subpackages:
  - urlfetch
  - internal
  - internal/urlfetch
  - internal/base
  - internal/datastore
  - internal/remote_api
- name: gopkg.in/dgrijalva/jwt-go.v2
  version: 268038b363c7a8d7306b8e35bf77a1fde4b0c402
devImports: []
