{
  "name": "tmp.AaXJ2V0e02",
  "version": "0.0.0",
  "lockfileVersion": 2,
  "requires": true,
  "packages": {
    "": {
      "version": "0.0.0",
      "license": "Apache-2.0",
      "devDependencies": {
        "ory-prettier-styles": "^1.1.2",
        "prettier": "^2.3.2"
      }
    },
    "node_modules/ory-prettier-styles": {
      "version": "1.1.2",
      "resolved": "https://registry.npmjs.org/ory-prettier-styles/-/ory-prettier-styles-1.1.2.tgz",
      "integrity": "sha512-J7YcNdGlfTKCXAHEoFl9lp5EhnIASGgM5ua9Y+8OdWtS9tXJTik5xFYCF6xS46tpI3sk8cxFguKWhZeaeb6Z/A==",
      "dev": true
    },
    "node_modules/prettier": {
      "version": "2.3.2",
      "resolved": "https://registry.npmjs.org/prettier/-/prettier-2.3.2.tgz",
      "integrity": "sha512-lnJzDfJ66zkMy58OL5/NY5zp70S7Nz6KqcKkXYzn2tMVrNxvbqaBpg7H3qHaLxCJ5lNMsGuM8+ohS7cZrthdLQ==",
      "dev": true,
      "bin": {
        "prettier": "bin-prettier.js"
      },
      "engines": {
        "node": ">=10.13.0"
      }
    }
  },
  "dependencies": {
    "ory-prettier-styles": {
      "version": "1.1.2",
      "resolved": "https://registry.npmjs.org/ory-prettier-styles/-/ory-prettier-styles-1.1.2.tgz",
      "integrity": "sha512-J7YcNdGlfTKCXAHEoFl9lp5EhnIASGgM5ua9Y+8OdWtS9tXJTik5xFYCF6xS46tpI3sk8cxFguKWhZeaeb6Z/A==",
      "dev": true
    },
    "prettier": {
      "version": "2.3.2",
      "resolved": "https://registry.npmjs.org/prettier/-/prettier-2.3.2.tgz",
      "integrity": "sha512-lnJzDfJ66zkMy58OL5/NY5zp70S7Nz6KqcKkXYzn2tMVrNxvbqaBpg7H3qHaLxCJ5lNMsGuM8+ohS7cZrthdLQ==",
      "dev": true
    }
  }
}
